
Microsoft Visual Studio Solution File, Format Version 12.00
# Visual Studio Version 16
VisualStudioVersion = 16.0.30907.101
MinimumVisualStudioVersion = 10.0.40219.1
Project("{9A19103F-16F7-4668-BE54-9A1E7A4F7556}") = "GameProject", "GameProject.csproj", "{885CFCDF-4404-4A6C-9823-D7D8857A58E6}"
EndProject
Global
	GlobalSection(SolutionConfigurationPlatforms) = preSolution
		Debug|Any CPU = Debug|Any CPU
		Release|Any CPU = Release|Any CPU
	EndGlobalSection
	GlobalSection(ProjectConfigurationPlatforms) = postSolution
		{885CFCDF-4404-4A6C-9823-D7D8857A58E6}.Debug|Any CPU.ActiveCfg = Debug|Any CPU
		{885CFCDF-4404-4A6C-9823-D7D8857A58E6}.Debug|Any CPU.Build.0 = Debug|Any CPU
		{885CFCDF-4404-4A6C-9823-D7D8857A58E6}.Release|Any CPU.ActiveCfg = Release|Any CPU
		{885CFCDF-4404-4A6C-9823-D7D8857A58E6}.Release|Any CPU.Build.0 = Release|Any CPU
	EndGlobalSection
	GlobalSection(SolutionProperties) = preSolution
		HideSolutionNode = FALSE
	EndGlobalSection
	GlobalSection(ExtensibilityGlobals) = postSolution
		SolutionGuid = {EF22976C-8F47-4ED0-9BE1-494D77229CDE}
	EndGlobalSection
EndGlobal
